
Microsoft Visual Studio Solution File, Format Version 12.00
# Visual Studio 2013
VisualStudioVersion = 12.0.30501.0
MinimumVisualStudioVersion = 10.0.40219.1
Project("{FAE04EC0-301F-11D3-BF4B-00C04F79EFBC}") = "MadNeptun.ExampleImplementation", "MadNeptun.ExampleImplementation\MadNeptun.ExampleImplementation.csproj", "{11DFB2E1-DD86-4826-AABB-87CE61F792CE}"
EndProject
Project("{FAE04EC0-301F-11D3-BF4B-00C04F79EFBC}") = "CreateConfig", "CreateConfig\CreateConfig.csproj", "{87B7F05A-AF6E-4AEB-8C64-68AF100F479D}"
EndProject
Global
	GlobalSection(SolutionConfigurationPlatforms) = preSolution
		Debug|Any CPU = Debug|Any CPU
		Release|Any CPU = Release|Any CPU
	EndGlobalSection
	GlobalSection(ProjectConfigurationPlatforms) = postSolution
		{11DFB2E1-DD86-4826-AABB-87CE61F792CE}.Debug|Any CPU.ActiveCfg = Debug|Any CPU
		{11DFB2E1-DD86-4826-AABB-87CE61F792CE}.Debug|Any CPU.Build.0 = Debug|Any CPU
		{11DFB2E1-DD86-4826-AABB-87CE61F792CE}.Release|Any CPU.ActiveCfg = Release|Any CPU
		{11DFB2E1-DD86-4826-AABB-87CE61F792CE}.Release|Any CPU.Build.0 = Release|Any CPU
		{87B7F05A-AF6E-4AEB-8C64-68AF100F479D}.Debug|Any CPU.ActiveCfg = Debug|Any CPU
		{87B7F05A-AF6E-4AEB-8C64-68AF100F479D}.Debug|Any CPU.Build.0 = Debug|Any CPU
		{87B7F05A-AF6E-4AEB-8C64-68AF100F479D}.Release|Any CPU.ActiveCfg = Release|Any CPU
		{87B7F05A-AF6E-4AEB-8C64-68AF100F479D}.Release|Any CPU.Build.0 = Release|Any CPU
	EndGlobalSection
	GlobalSection(SolutionProperties) = preSolution
		HideSolutionNode = FALSE
	EndGlobalSection
EndGlobal
